// !$*UTF8*$!
{
	archiveVersion = 1;
	classes = {
	};
	objectVersion = 55;
	objects = {

/* Begin PBXBuildFile section */
		C56F882D290377B300A389CA /* MainInterface.storyboard in Resources */ = {isa = PBXBuildFile; fileRef = C56F882C290377B300A389CA /* MainInterface.storyboard */; };
		C56F882F290386C600A389CA /* PresetMessage.swift in Sources */ = {isa = PBXBuildFile; fileRef = C56F882E290386C600A389CA /* PresetMessage.swift */; };
		C56F88312903899200A389CA /* PresetMessage+UIImage.swift in Sources */ = {isa = PBXBuildFile; fileRef = C56F88302903899200A389CA /* PresetMessage+UIImage.swift */; };
		C5C30A5B2901613D00059650 /* Assets.xcassets in Resources */ = {isa = PBXBuildFile; fileRef = C5C30A5A2901613D00059650 /* Assets.xcassets */; };
		C5C30A612901613D00059650 /* Message-Preset MessagesExtension.appex in Embed App Extensions */ = {isa = PBXBuildFile; fileRef = C5C30A602901613D00059650 /* Message-Preset MessagesExtension.appex */; settings = {ATTRIBUTES = (RemoveHeadersOnCopy, ); }; };
		C5C30A662901613D00059650 /* Messages.framework in Frameworks */ = {isa = PBXBuildFile; fileRef = C5C30A652901613D00059650 /* Messages.framework */; };
		C5C30A692901613D00059650 /* MessagesViewController.swift in Sources */ = {isa = PBXBuildFile; fileRef = C5C30A682901613D00059650 /* MessagesViewController.swift */; };
		C5C30A6E2901613D00059650 /* Assets.xcassets in Resources */ = {isa = PBXBuildFile; fileRef = C5C30A6D2901613D00059650 /* Assets.xcassets */; };
		C5C30A7A2902303100059650 /* PresetMessageViewController.swift in Sources */ = {isa = PBXBuildFile; fileRef = C5C30A792902303100059650 /* PresetMessageViewController.swift */; };
		C5C30A7C2902313600059650 /* PresetMessageStore.swift in Sources */ = {isa = PBXBuildFile; fileRef = C5C30A7B2902313600059650 /* PresetMessageStore.swift */; };
/* End PBXBuildFile section */

/* Begin PBXContainerItemProxy section */
		C5C30A622901613D00059650 /* PBXContainerItemProxy */ = {
			isa = PBXContainerItemProxy;
			containerPortal = C5C30A512901613B00059650 /* Project object */;
			proxyType = 1;
			remoteGlobalIDString = C5C30A5F2901613D00059650;
			remoteInfo = "Message-Preset MessagesExtension";
		};
/* End PBXContainerItemProxy section */

/* Begin PBXCopyFilesBuildPhase section */
		C5C30A752901613D00059650 /* Embed App Extensions */ = {
			isa = PBXCopyFilesBuildPhase;
			buildActionMask = 2147483647;
			dstPath = "";
			dstSubfolderSpec = 13;
			files = (
				C5C30A612901613D00059650 /* Message-Preset MessagesExtension.appex in Embed App Extensions */,
			);
			name = "Embed App Extensions";
			runOnlyForDeploymentPostprocessing = 0;
		};
/* End PBXCopyFilesBuildPhase section */

/* Begin PBXFileReference section */
		C56F882C290377B300A389CA /* MainInterface.storyboard */ = {isa = PBXFileReference; fileEncoding = 4; lastKnownFileType = file.storyboard; path = MainInterface.storyboard; sourceTree = "<group>"; };
		C56F882E290386C600A389CA /* PresetMessage.swift */ = {isa = PBXFileReference; lastKnownFileType = sourcecode.swift; path = PresetMessage.swift; sourceTree = "<group>"; };
		C56F88302903899200A389CA /* PresetMessage+UIImage.swift */ = {isa = PBXFileReference; lastKnownFileType = sourcecode.swift; path = "PresetMessage+UIImage.swift"; sourceTree = "<group>"; };
		C5C30A572901613B00059650 /* Message-Preset.app */ = {isa = PBXFileReference; explicitFileType = wrapper.application; includeInIndex = 0; path = "Message-Preset.app"; sourceTree = BUILT_PRODUCTS_DIR; };
		C5C30A5A2901613D00059650 /* Assets.xcassets */ = {isa = PBXFileReference; lastKnownFileType = folder.assetcatalog; path = Assets.xcassets; sourceTree = "<group>"; };
		C5C30A602901613D00059650 /* Message-Preset MessagesExtension.appex */ = {isa = PBXFileReference; explicitFileType = "wrapper.app-extension"; includeInIndex = 0; path = "Message-Preset MessagesExtension.appex"; sourceTree = BUILT_PRODUCTS_DIR; };
		C5C30A652901613D00059650 /* Messages.framework */ = {isa = PBXFileReference; lastKnownFileType = wrapper.framework; name = Messages.framework; path = System/Library/Frameworks/Messages.framework; sourceTree = SDKROOT; };
		C5C30A682901613D00059650 /* MessagesViewController.swift */ = {isa = PBXFileReference; lastKnownFileType = sourcecode.swift; path = MessagesViewController.swift; sourceTree = "<group>"; };
		C5C30A6D2901613D00059650 /* Assets.xcassets */ = {isa = PBXFileReference; lastKnownFileType = folder.assetcatalog; path = Assets.xcassets; sourceTree = "<group>"; };
		C5C30A6F2901613D00059650 /* Info.plist */ = {isa = PBXFileReference; lastKnownFileType = text.plist.xml; path = Info.plist; sourceTree = "<group>"; };
		C5C30A792902303100059650 /* PresetMessageViewController.swift */ = {isa = PBXFileReference; lastKnownFileType = sourcecode.swift; path = PresetMessageViewController.swift; sourceTree = "<group>"; };
		C5C30A7B2902313600059650 /* PresetMessageStore.swift */ = {isa = PBXFileReference; lastKnownFileType = sourcecode.swift; path = PresetMessageStore.swift; sourceTree = "<group>"; };
/* End PBXFileReference section */

/* Begin PBXFrameworksBuildPhase section */
		C5C30A5D2901613D00059650 /* Frameworks */ = {
			isa = PBXFrameworksBuildPhase;
			buildActionMask = 2147483647;
			files = (
				C5C30A662901613D00059650 /* Messages.framework in Frameworks */,
			);
			runOnlyForDeploymentPostprocessing = 0;
		};
/* End PBXFrameworksBuildPhase section */

/* Begin PBXGroup section */
		C5C30A502901613B00059650 = {
			isa = PBXGroup;
			children = (
				C5C30A592901613B00059650 /* Message-Preset */,
				C5C30A672901613D00059650 /* Message-Preset MessagesExtension */,
				C5C30A642901613D00059650 /* Frameworks */,
				C5C30A582901613B00059650 /* Products */,
			);
			sourceTree = "<group>";
		};
		C5C30A582901613B00059650 /* Products */ = {
			isa = PBXGroup;
			children = (
				C5C30A572901613B00059650 /* Message-Preset.app */,
				C5C30A602901613D00059650 /* Message-Preset MessagesExtension.appex */,
			);
			name = Products;
			sourceTree = "<group>";
		};
		C5C30A592901613B00059650 /* Message-Preset */ = {
			isa = PBXGroup;
			children = (
				C5C30A5A2901613D00059650 /* Assets.xcassets */,
			);
			path = "Message-Preset";
			sourceTree = "<group>";
		};
		C5C30A642901613D00059650 /* Frameworks */ = {
			isa = PBXGroup;
			children = (
				C5C30A652901613D00059650 /* Messages.framework */,
			);
			name = Frameworks;
			sourceTree = "<group>";
		};
		C5C30A672901613D00059650 /* Message-Preset MessagesExtension */ = {
			isa = PBXGroup;
			children = (
				C5C30A682901613D00059650 /* MessagesViewController.swift */,
				C5C30A6D2901613D00059650 /* Assets.xcassets */,
				C5C30A6F2901613D00059650 /* Info.plist */,
				C5C30A792902303100059650 /* PresetMessageViewController.swift */,
				C5C30A7B2902313600059650 /* PresetMessageStore.swift */,
				C56F882C290377B300A389CA /* MainInterface.storyboard */,
				C56F882E290386C600A389CA /* PresetMessage.swift */,
				C56F88302903899200A389CA /* PresetMessage+UIImage.swift */,
			);
			path = "Message-Preset MessagesExtension";
			sourceTree = "<group>";
		};
/* End PBXGroup section */

/* Begin PBXNativeTarget section */
		C5C30A562901613B00059650 /* Message-Preset */ = {
			isa = PBXNativeTarget;
			buildConfigurationList = C5C30A762901613D00059650 /* Build configuration list for PBXNativeTarget "Message-Preset" */;
			buildPhases = (
				C5C30A552901613B00059650 /* Resources */,
				C5C30A752901613D00059650 /* Embed App Extensions */,
			);
			buildRules = (
			);
			dependencies = (
				C5C30A632901613D00059650 /* PBXTargetDependency */,
			);
			name = "Message-Preset";
			productName = "Message-Preset";
			productReference = C5C30A572901613B00059650 /* Message-Preset.app */;
			productType = "com.apple.product-type.application.messages";
		};
		C5C30A5F2901613D00059650 /* Message-Preset MessagesExtension */ = {
			isa = PBXNativeTarget;
			buildConfigurationList = C5C30A722901613D00059650 /* Build configuration list for PBXNativeTarget "Message-Preset MessagesExtension" */;
			buildPhases = (
				C5C30A5C2901613D00059650 /* Sources */,
				C5C30A5D2901613D00059650 /* Frameworks */,
				C5C30A5E2901613D00059650 /* Resources */,
			);
			buildRules = (
			);
			dependencies = (
			);
			name = "Message-Preset MessagesExtension";
			productName = "Message-Preset MessagesExtension";
			productReference = C5C30A602901613D00059650 /* Message-Preset MessagesExtension.appex */;
			productType = "com.apple.product-type.app-extension.messages";
		};
/* End PBXNativeTarget section */

/* Begin PBXProject section */
		C5C30A512901613B00059650 /* Project object */ = {
			isa = PBXProject;
			attributes = {
				BuildIndependentTargetsInParallel = 1;
				LastSwiftUpdateCheck = 1340;
				LastUpgradeCheck = 1340;
				TargetAttributes = {
					C5C30A562901613B00059650 = {
						CreatedOnToolsVersion = 13.4.1;
						LastSwiftMigration = 1340;
					};
					C5C30A5F2901613D00059650 = {
						CreatedOnToolsVersion = 13.4.1;
					};
				};
			};
			buildConfigurationList = C5C30A542901613B00059650 /* Build configuration list for PBXProject "Message-Preset" */;
			compatibilityVersion = "Xcode 13.0";
			developmentRegion = en;
			hasScannedForEncodings = 0;
			knownRegions = (
				en,
				Base,
			);
			mainGroup = C5C30A502901613B00059650;
			productRefGroup = C5C30A582901613B00059650 /* Products */;
			projectDirPath = "";
			projectRoot = "";
			targets = (
				C5C30A562901613B00059650 /* Message-Preset */,
				C5C30A5F2901613D00059650 /* Message-Preset MessagesExtension */,
			);
		};
/* End PBXProject section */

/* Begin PBXResourcesBuildPhase section */
		C5C30A552901613B00059650 /* Resources */ = {
			isa = PBXResourcesBuildPhase;
			buildActionMask = 2147483647;
			files = (
				C5C30A5B2901613D00059650 /* Assets.xcassets in Resources */,
			);
			runOnlyForDeploymentPostprocessing = 0;
		};
		C5C30A5E2901613D00059650 /* Resources */ = {
			isa = PBXResourcesBuildPhase;
			buildActionMask = 2147483647;
			files = (
				C5C30A6E2901613D00059650 /* Assets.xcassets in Resources */,
				C56F882D290377B300A389CA /* MainInterface.storyboard in Resources */,
			);
			runOnlyForDeploymentPostprocessing = 0;
		};
/* End PBXResourcesBuildPhase section */

/* Begin PBXSourcesBuildPhase section */
		C5C30A5C2901613D00059650 /* Sources */ = {
			isa = PBXSourcesBuildPhase;
			buildActionMask = 2147483647;
			files = (
				C5C30A692901613D00059650 /* MessagesViewController.swift in Sources */,
				C5C30A7C2902313600059650 /* PresetMessageStore.swift in Sources */,
				C56F882F290386C600A389CA /* PresetMessage.swift in Sources */,
				C56F88312903899200A389CA /* PresetMessage+UIImage.swift in Sources */,
				C5C30A7A2902303100059650 /* PresetMessageViewController.swift in Sources */,
			);
			runOnlyForDeploymentPostprocessing = 0;
		};
/* End PBXSourcesBuildPhase section */

/* Begin PBXTargetDependency section */
		C5C30A632901613D00059650 /* PBXTargetDependency */ = {
			isa = PBXTargetDependency;
			target = C5C30A5F2901613D00059650 /* Message-Preset MessagesExtension */;
			targetProxy = C5C30A622901613D00059650 /* PBXContainerItemProxy */;
		};
/* End PBXTargetDependency section */

/* Begin XCBuildConfiguration section */
		C5C30A702901613D00059650 /* Debug */ = {
			isa = XCBuildConfiguration;
			buildSettings = {
				ALWAYS_SEARCH_USER_PATHS = NO;
				CLANG_ANALYZER_NONNULL = YES;
				CLANG_ANALYZER_NUMBER_OBJECT_CONVERSION = YES_AGGRESSIVE;
				CLANG_CXX_LANGUAGE_STANDARD = "gnu++17";
				CLANG_ENABLE_MODULES = YES;
				CLANG_ENABLE_OBJC_ARC = YES;
				CLANG_ENABLE_OBJC_WEAK = YES;
				CLANG_WARN_BLOCK_CAPTURE_AUTORELEASING = YES;
				CLANG_WARN_BOOL_CONVERSION = YES;
				CLANG_WARN_COMMA = YES;
				CLANG_WARN_CONSTANT_CONVERSION = YES;
				CLANG_WARN_DEPRECATED_OBJC_IMPLEMENTATIONS = YES;
				CLANG_WARN_DIRECT_OBJC_ISA_USAGE = YES_ERROR;
				CLANG_WARN_DOCUMENTATION_COMMENTS = YES;
				CLANG_WARN_EMPTY_BODY = YES;
				CLANG_WARN_ENUM_CONVERSION = YES;
				CLANG_WARN_INFINITE_RECURSION = YES;
				CLANG_WARN_INT_CONVERSION = YES;
				CLANG_WARN_NON_LITERAL_NULL_CONVERSION = YES;
				CLANG_WARN_OBJC_IMPLICIT_RETAIN_SELF = YES;
				CLANG_WARN_OBJC_LITERAL_CONVERSION = YES;
				CLANG_WARN_OBJC_ROOT_CLASS = YES_ERROR;
				CLANG_WARN_QUOTED_INCLUDE_IN_FRAMEWORK_HEADER = YES;
				CLANG_WARN_RANGE_LOOP_ANALYSIS = YES;
				CLANG_WARN_STRICT_PROTOTYPES = YES;
				CLANG_WARN_SUSPICIOUS_MOVE = YES;
				CLANG_WARN_UNGUARDED_AVAILABILITY = YES_AGGRESSIVE;
				CLANG_WARN_UNREACHABLE_CODE = YES;
				CLANG_WARN__DUPLICATE_METHOD_MATCH = YES;
				COPY_PHASE_STRIP = NO;
				DEBUG_INFORMATION_FORMAT = dwarf;
				ENABLE_STRICT_OBJC_MSGSEND = YES;
				ENABLE_TESTABILITY = YES;
				GCC_C_LANGUAGE_STANDARD = gnu11;
				GCC_DYNAMIC_NO_PIC = NO;
				GCC_NO_COMMON_BLOCKS = YES;
				GCC_OPTIMIZATION_LEVEL = 0;
				GCC_PREPROCESSOR_DEFINITIONS = (
					"DEBUG=1",
					"$(inherited)",
				);
				GCC_WARN_64_TO_32_BIT_CONVERSION = YES;
				GCC_WARN_ABOUT_RETURN_TYPE = YES_ERROR;
				GCC_WARN_UNDECLARED_SELECTOR = YES;
				GCC_WARN_UNINITIALIZED_AUTOS = YES_AGGRESSIVE;
				GCC_WARN_UNUSED_FUNCTION = YES;
				GCC_WARN_UNUSED_VARIABLE = YES;
				IPHONEOS_DEPLOYMENT_TARGET = 15.5;
				MTL_ENABLE_DEBUG_INFO = INCLUDE_SOURCE;
				MTL_FAST_MATH = YES;
				ONLY_ACTIVE_ARCH = YES;
				SDKROOT = iphoneos;
				SWIFT_ACTIVE_COMPILATION_CONDITIONS = DEBUG;
				SWIFT_OPTIMIZATION_LEVEL = "-Onone";
			};
			name = Debug;
		};
		C5C30A712901613D00059650 /* Release */ = {
			isa = XCBuildConfiguration;
			buildSettings = {
				ALWAYS_SEARCH_USER_PATHS = NO;
				CLANG_ANALYZER_NONNULL = YES;
				CLANG_ANALYZER_NUMBER_OBJECT_CONVERSION = YES_AGGRESSIVE;
				CLANG_CXX_LANGUAGE_STANDARD = "gnu++17";
				CLANG_ENABLE_MODULES = YES;
				CLANG_ENABLE_OBJC_ARC = YES;
				CLANG_ENABLE_OBJC_WEAK = YES;
				CLANG_WARN_BLOCK_CAPTURE_AUTORELEASING = YES;
				CLANG_WARN_BOOL_CONVERSION = YES;
				CLANG_WARN_COMMA = YES;
				CLANG_WARN_CONSTANT_CONVERSION = YES;
				CLANG_WARN_DEPRECATED_OBJC_IMPLEMENTATIONS = YES;
				CLANG_WARN_DIRECT_OBJC_ISA_USAGE = YES_ERROR;
				CLANG_WARN_DOCUMENTATION_COMMENTS = YES;
				CLANG_WARN_EMPTY_BODY = YES;
				CLANG_WARN_ENUM_CONVERSION = YES;
				CLANG_WARN_INFINITE_RECURSION = YES;
				CLANG_WARN_INT_CONVERSION = YES;
				CLANG_WARN_NON_LITERAL_NULL_CONVERSION = YES;
				CLANG_WARN_OBJC_IMPLICIT_RETAIN_SELF = YES;
				CLANG_WARN_OBJC_LITERAL_CONVERSION = YES;
				CLANG_WARN_OBJC_ROOT_CLASS = YES_ERROR;
				CLANG_WARN_QUOTED_INCLUDE_IN_FRAMEWORK_HEADER = YES;
				CLANG_WARN_RANGE_LOOP_ANALYSIS = YES;
				CLANG_WARN_STRICT_PROTOTYPES = YES;
				CLANG_WARN_SUSPICIOUS_MOVE = YES;
				CLANG_WARN_UNGUARDED_AVAILABILITY = YES_AGGRESSIVE;
				CLANG_WARN_UNREACHABLE_CODE = YES;
				CLANG_WARN__DUPLICATE_METHOD_MATCH = YES;
				COPY_PHASE_STRIP = NO;
				DEBUG_INFORMATION_FORMAT = "dwarf-with-dsym";
				ENABLE_NS_ASSERTIONS = NO;
				ENABLE_STRICT_OBJC_MSGSEND = YES;
				GCC_C_LANGUAGE_STANDARD = gnu11;
				GCC_NO_COMMON_BLOCKS = YES;
				GCC_WARN_64_TO_32_BIT_CONVERSION = YES;
				GCC_WARN_ABOUT_RETURN_TYPE = YES_ERROR;
				GCC_WARN_UNDECLARED_SELECTOR = YES;
				GCC_WARN_UNINITIALIZED_AUTOS = YES_AGGRESSIVE;
				GCC_WARN_UNUSED_FUNCTION = YES;
				GCC_WARN_UNUSED_VARIABLE = YES;
				IPHONEOS_DEPLOYMENT_TARGET = 15.5;
				MTL_ENABLE_DEBUG_INFO = NO;
				MTL_FAST_MATH = YES;
				SDKROOT = iphoneos;
				SWIFT_COMPILATION_MODE = wholemodule;
				SWIFT_OPTIMIZATION_LEVEL = "-O";
				VALIDATE_PRODUCT = YES;
			};
			name = Release;
		};
		C5C30A732901613D00059650 /* Debug */ = {
			isa = XCBuildConfiguration;
			buildSettings = {
				ASSETCATALOG_COMPILER_APPICON_NAME = "iMessage App Icon";
				CODE_SIGN_STYLE = Automatic;
				CURRENT_PROJECT_VERSION = 1;
				GENERATE_INFOPLIST_FILE = YES;
				INFOPLIST_FILE = "Message-Preset MessagesExtension/Info.plist";
				INFOPLIST_KEY_CFBundleDisplayName = "Message-Preset";
				INFOPLIST_KEY_NSHumanReadableCopyright = "";
				LD_RUNPATH_SEARCH_PATHS = (
					"$(inherited)",
					"@executable_path/Frameworks",
					"@executable_path/../../Frameworks",
				);
				MARKETING_VERSION = 1.0;
				PRODUCT_BUNDLE_IDENTIFIER = "blinq.challenge.Message-Preset.MessagesExtension";
				PRODUCT_NAME = "$(TARGET_NAME)";
				SKIP_INSTALL = YES;
				SWIFT_EMIT_LOC_STRINGS = YES;
				SWIFT_VERSION = 5.0;
				TARGETED_DEVICE_FAMILY = "1,2";
			};
			name = Debug;
		};
		C5C30A742901613D00059650 /* Release */ = {
			isa = XCBuildConfiguration;
			buildSettings = {
				ASSETCATALOG_COMPILER_APPICON_NAME = "iMessage App Icon";
				CODE_SIGN_STYLE = Automatic;
				CURRENT_PROJECT_VERSION = 1;
				GENERATE_INFOPLIST_FILE = YES;
				INFOPLIST_FILE = "Message-Preset MessagesExtension/Info.plist";
				INFOPLIST_KEY_CFBundleDisplayName = "Message-Preset";
				INFOPLIST_KEY_NSHumanReadableCopyright = "";
				LD_RUNPATH_SEARCH_PATHS = (
					"$(inherited)",
					"@executable_path/Frameworks",
					"@executable_path/../../Frameworks",
				);
				MARKETING_VERSION = 1.0;
				PRODUCT_BUNDLE_IDENTIFIER = "blinq.challenge.Message-Preset.MessagesExtension";
				PRODUCT_NAME = "$(TARGET_NAME)";
				SKIP_INSTALL = YES;
				SWIFT_EMIT_LOC_STRINGS = YES;
				SWIFT_VERSION = 5.0;
				TARGETED_DEVICE_FAMILY = "1,2";
			};
			name = Release;
		};
		C5C30A772901613D00059650 /* Debug */ = {
			isa = XCBuildConfiguration;
			buildSettings = {
				ALWAYS_EMBED_SWIFT_STANDARD_LIBRARIES = YES;
				ASSETCATALOG_COMPILER_APPICON_NAME = AppIcon;
				CLANG_ENABLE_MODULES = YES;
				CODE_SIGN_STYLE = Automatic;
				CURRENT_PROJECT_VERSION = 1;
				GENERATE_INFOPLIST_FILE = YES;
				INFOPLIST_KEY_UILaunchStoryboardName = LaunchScreen;
				INFOPLIST_KEY_UISupportedInterfaceOrientations_iPad = "UIInterfaceOrientationPortrait UIInterfaceOrientationPortraitUpsideDown UIInterfaceOrientationLandscapeLeft UIInterfaceOrientationLandscapeRight";
				INFOPLIST_KEY_UISupportedInterfaceOrientations_iPhone = "UIInterfaceOrientationPortrait UIInterfaceOrientationLandscapeLeft UIInterfaceOrientationLandscapeRight";
				LD_RUNPATH_SEARCH_PATHS = (
					"$(inherited)",
					"@executable_path/Frameworks",
					"@loader_path/Frameworks",
				);
				MARKETING_VERSION = 1.0;
				PRODUCT_BUNDLE_IDENTIFIER = "blinq.challenge.Message-Preset";
				PRODUCT_NAME = "$(TARGET_NAME)";
				SWIFT_EMIT_LOC_STRINGS = YES;
				SWIFT_OPTIMIZATION_LEVEL = "-Onone";
				SWIFT_VERSION = 5.0;
				TARGETED_DEVICE_FAMILY = "1,2";
			};
			name = Debug;
		};
		C5C30A782901613D00059650 /* Release */ = {
			isa = XCBuildConfiguration;
			buildSettings = {
				ALWAYS_EMBED_SWIFT_STANDARD_LIBRARIES = YES;
				ASSETCATALOG_COMPILER_APPICON_NAME = AppIcon;
				CLANG_ENABLE_MODULES = YES;
				CODE_SIGN_STYLE = Automatic;
				CURRENT_PROJECT_VERSION = 1;
				GENERATE_INFOPLIST_FILE = YES;
				INFOPLIST_KEY_UILaunchStoryboardName = LaunchScreen;
				INFOPLIST_KEY_UISupportedInterfaceOrientations_iPad = "UIInterfaceOrientationPortrait UIInterfaceOrientationPortraitUpsideDown UIInterfaceOrientationLandscapeLeft UIInterfaceOrientationLandscapeRight";
				INFOPLIST_KEY_UISupportedInterfaceOrientations_iPhone = "UIInterfaceOrientationPortrait UIInterfaceOrientationLandscapeLeft UIInterfaceOrientationLandscapeRight";
				LD_RUNPATH_SEARCH_PATHS = (
					"$(inherited)",
					"@executable_path/Frameworks",
					"@loader_path/Frameworks",
				);
				MARKETING_VERSION = 1.0;
				PRODUCT_BUNDLE_IDENTIFIER = "blinq.challenge.Message-Preset";
				PRODUCT_NAME = "$(TARGET_NAME)";
				SWIFT_EMIT_LOC_STRINGS = YES;
				SWIFT_VERSION = 5.0;
				TARGETED_DEVICE_FAMILY = "1,2";
			};
			name = Release;
		};
/* End XCBuildConfiguration section */

/* Begin XCConfigurationList section */
		C5C30A542901613B00059650 /* Build configuration list for PBXProject "Message-Preset" */ = {
			isa = XCConfigurationList;
			buildConfigurations = (
				C5C30A702901613D00059650 /* Debug */,
				C5C30A712901613D00059650 /* Release */,
			);
			defaultConfigurationIsVisible = 0;
			defaultConfigurationName = Release;
		};
		C5C30A722901613D00059650 /* Build configuration list for PBXNativeTarget "Message-Preset MessagesExtension" */ = {
			isa = XCConfigurationList;
			buildConfigurations = (
				C5C30A732901613D00059650 /* Debug */,
				C5C30A742901613D00059650 /* Release */,
			);
			defaultConfigurationIsVisible = 0;
			defaultConfigurationName = Release;
		};
		C5C30A762901613D00059650 /* Build configuration list for PBXNativeTarget "Message-Preset" */ = {
			isa = XCConfigurationList;
			buildConfigurations = (
				C5C30A772901613D00059650 /* Debug */,
				C5C30A782901613D00059650 /* Release */,
			);
			defaultConfigurationIsVisible = 0;
			defaultConfigurationName = Release;
		};
/* End XCConfigurationList section */
	};
	rootObject = C5C30A512901613B00059650 /* Project object */;
}
