// !$*UTF8*$!
{
	archiveVersion = 1;
	classes = {
	};
	objectVersion = 55;
	objects = {

/* Begin PBXBuildFile section */
		C5351B412906089F00F4475C /* Presenter.swift in Sources */ = {isa = PBXBuildFile; fileRef = C5351B402906089F00F4475C /* Presenter.swift */; };
		C5351B4629061FA500F4475C /* PresetEditViewController.swift in Sources */ = {isa = PBXBuildFile; fileRef = C5351B4529061FA500F4475C /* PresetEditViewController.swift */; };
		C54B44E52905F257003B587E /* PresetMessageSQLStore.swift in Sources */ = {isa = PBXBuildFile; fileRef = C54B44E42905F257003B587E /* PresetMessageSQLStore.swift */; };
		C56F88802903FB2800A389CA /* AppDelegate.swift in Sources */ = {isa = PBXBuildFile; fileRef = C56F887F2903FB2800A389CA /* AppDelegate.swift */; };
		C56F88822903FB2800A389CA /* SceneDelegate.swift in Sources */ = {isa = PBXBuildFile; fileRef = C56F88812903FB2800A389CA /* SceneDelegate.swift */; };
		C56F88842903FB2800A389CA /* PresetTableViewController.swift in Sources */ = {isa = PBXBuildFile; fileRef = C56F88832903FB2800A389CA /* PresetTableViewController.swift */; };
		C56F88872903FB2800A389CA /* Main.storyboard in Resources */ = {isa = PBXBuildFile; fileRef = C56F88852903FB2800A389CA /* Main.storyboard */; };
		C56F888C2903FB2800A389CA /* Assets.xcassets in Resources */ = {isa = PBXBuildFile; fileRef = C56F888B2903FB2800A389CA /* Assets.xcassets */; };
		C56F888F2903FB2800A389CA /* LaunchScreen.storyboard in Resources */ = {isa = PBXBuildFile; fileRef = C56F888D2903FB2800A389CA /* LaunchScreen.storyboard */; };
		C56F889A2903FB2800A389CA /* Preset_MessageTests.swift in Sources */ = {isa = PBXBuildFile; fileRef = C56F88992903FB2800A389CA /* Preset_MessageTests.swift */; };
		C56F88A42903FB2800A389CA /* Preset_MessageUITests.swift in Sources */ = {isa = PBXBuildFile; fileRef = C56F88A32903FB2800A389CA /* Preset_MessageUITests.swift */; };
		C56F88A62903FB2800A389CA /* Preset_MessageUITestsLaunchTests.swift in Sources */ = {isa = PBXBuildFile; fileRef = C56F88A52903FB2800A389CA /* Preset_MessageUITestsLaunchTests.swift */; };
		C56F88B92903FB7D00A389CA /* Messages.framework in Frameworks */ = {isa = PBXBuildFile; fileRef = C56F88B82903FB7D00A389CA /* Messages.framework */; };
		C56F88BC2903FB7D00A389CA /* MessagesViewController.swift in Sources */ = {isa = PBXBuildFile; fileRef = C56F88BB2903FB7D00A389CA /* MessagesViewController.swift */; };
		C56F88BF2903FB7D00A389CA /* MainInterface.storyboard in Resources */ = {isa = PBXBuildFile; fileRef = C56F88BD2903FB7D00A389CA /* MainInterface.storyboard */; };
		C56F88C12903FB7E00A389CA /* Assets.xcassets in Resources */ = {isa = PBXBuildFile; fileRef = C56F88C02903FB7E00A389CA /* Assets.xcassets */; };
		C56F88C52903FB7E00A389CA /* Preset-Message-Extension.appex in Embed App Extensions */ = {isa = PBXBuildFile; fileRef = C56F88B62903FB7D00A389CA /* Preset-Message-Extension.appex */; settings = {ATTRIBUTES = (RemoveHeadersOnCopy, ); }; };
		C56F88CE2903FCB700A389CA /* PresetMessageStore.swift in Sources */ = {isa = PBXBuildFile; fileRef = C56F88CA2903FCB700A389CA /* PresetMessageStore.swift */; };
		C56F88CF2903FCB700A389CA /* PresetMessageViewController.swift in Sources */ = {isa = PBXBuildFile; fileRef = C56F88CB2903FCB700A389CA /* PresetMessageViewController.swift */; };
		C56F88D12903FCB700A389CA /* PresetMessage+UIImage.swift in Sources */ = {isa = PBXBuildFile; fileRef = C56F88CD2903FCB700A389CA /* PresetMessage+UIImage.swift */; };
		C56F88D32903FD8100A389CA /* PresetMessage+UIImage.swift in Sources */ = {isa = PBXBuildFile; fileRef = C56F88CD2903FCB700A389CA /* PresetMessage+UIImage.swift */; };
		C56F88D5290405AE00A389CA /* InputTableViewCell.swift in Sources */ = {isa = PBXBuildFile; fileRef = C56F88D4290405AE00A389CA /* InputTableViewCell.swift */; };
		C56F88DA2904103A00A389CA /* PresetMessageViewModel.swift in Sources */ = {isa = PBXBuildFile; fileRef = C56F88D92904103A00A389CA /* PresetMessageViewModel.swift */; };
		C56F88DB2904116300A389CA /* PresetMessageViewModel.swift in Sources */ = {isa = PBXBuildFile; fileRef = C56F88D92904103A00A389CA /* PresetMessageViewModel.swift */; };
		C56F88DD2904120400A389CA /* PresetMessageManager.swift in Sources */ = {isa = PBXBuildFile; fileRef = C56F88DC2904120400A389CA /* PresetMessageManager.swift */; };
		C56F88DE2904120400A389CA /* PresetMessageManager.swift in Sources */ = {isa = PBXBuildFile; fileRef = C56F88DC2904120400A389CA /* PresetMessageManager.swift */; };
		C56F88DF2904120400A389CA /* PresetMessageManager.swift in Sources */ = {isa = PBXBuildFile; fileRef = C56F88DC2904120400A389CA /* PresetMessageManager.swift */; };
		DEEDCD1D985DE6963686CE2A /* Pods_Preset_Message.framework in Frameworks */ = {isa = PBXBuildFile; fileRef = F1128AFD2E365D0B6894FB2F /* Pods_Preset_Message.framework */; };
/* End PBXBuildFile section */

/* Begin PBXContainerItemProxy section */
		C56F88962903FB2800A389CA /* PBXContainerItemProxy */ = {
			isa = PBXContainerItemProxy;
			containerPortal = C56F88742903FB2800A389CA /* Project object */;
			proxyType = 1;
			remoteGlobalIDString = C56F887B2903FB2800A389CA;
			remoteInfo = "Preset-Message";
		};
		C56F88A02903FB2800A389CA /* PBXContainerItemProxy */ = {
			isa = PBXContainerItemProxy;
			containerPortal = C56F88742903FB2800A389CA /* Project object */;
			proxyType = 1;
			remoteGlobalIDString = C56F887B2903FB2800A389CA;
			remoteInfo = "Preset-Message";
		};
		C56F88C32903FB7E00A389CA /* PBXContainerItemProxy */ = {
			isa = PBXContainerItemProxy;
			containerPortal = C56F88742903FB2800A389CA /* Project object */;
			proxyType = 1;
			remoteGlobalIDString = C56F88B52903FB7D00A389CA;
			remoteInfo = "Preset-Message-Extension";
		};
/* End PBXContainerItemProxy section */

/* Begin PBXCopyFilesBuildPhase section */
		C56F88C92903FB7E00A389CA /* Embed App Extensions */ = {
			isa = PBXCopyFilesBuildPhase;
			buildActionMask = 2147483647;
			dstPath = "";
			dstSubfolderSpec = 13;
			files = (
				C56F88C52903FB7E00A389CA /* Preset-Message-Extension.appex in Embed App Extensions */,
			);
			name = "Embed App Extensions";
			runOnlyForDeploymentPostprocessing = 0;
		};
/* End PBXCopyFilesBuildPhase section */

/* Begin PBXFileReference section */
		C5351B402906089F00F4475C /* Presenter.swift */ = {isa = PBXFileReference; lastKnownFileType = sourcecode.swift; path = Presenter.swift; sourceTree = "<group>"; };
		C5351B4529061FA500F4475C /* PresetEditViewController.swift */ = {isa = PBXFileReference; lastKnownFileType = sourcecode.swift; path = PresetEditViewController.swift; sourceTree = "<group>"; };
		C54B44E42905F257003B587E /* PresetMessageSQLStore.swift */ = {isa = PBXFileReference; lastKnownFileType = sourcecode.swift; path = PresetMessageSQLStore.swift; sourceTree = "<group>"; };
		C56F887C2903FB2800A389CA /* Preset-Message.app */ = {isa = PBXFileReference; explicitFileType = wrapper.application; includeInIndex = 0; path = "Preset-Message.app"; sourceTree = BUILT_PRODUCTS_DIR; };
		C56F887F2903FB2800A389CA /* AppDelegate.swift */ = {isa = PBXFileReference; lastKnownFileType = sourcecode.swift; path = AppDelegate.swift; sourceTree = "<group>"; };
		C56F88812903FB2800A389CA /* SceneDelegate.swift */ = {isa = PBXFileReference; lastKnownFileType = sourcecode.swift; path = SceneDelegate.swift; sourceTree = "<group>"; };
		C56F88832903FB2800A389CA /* PresetTableViewController.swift */ = {isa = PBXFileReference; lastKnownFileType = sourcecode.swift; path = PresetTableViewController.swift; sourceTree = "<group>"; };
		C56F88862903FB2800A389CA /* Base */ = {isa = PBXFileReference; lastKnownFileType = file.storyboard; name = Base; path = Base.lproj/Main.storyboard; sourceTree = "<group>"; };
		C56F888B2903FB2800A389CA /* Assets.xcassets */ = {isa = PBXFileReference; lastKnownFileType = folder.assetcatalog; path = Assets.xcassets; sourceTree = "<group>"; };
		C56F888E2903FB2800A389CA /* Base */ = {isa = PBXFileReference; lastKnownFileType = file.storyboard; name = Base; path = Base.lproj/LaunchScreen.storyboard; sourceTree = "<group>"; };
		C56F88902903FB2800A389CA /* Info.plist */ = {isa = PBXFileReference; lastKnownFileType = text.plist.xml; path = Info.plist; sourceTree = "<group>"; };
		C56F88952903FB2800A389CA /* Preset-MessageTests.xctest */ = {isa = PBXFileReference; explicitFileType = wrapper.cfbundle; includeInIndex = 0; path = "Preset-MessageTests.xctest"; sourceTree = BUILT_PRODUCTS_DIR; };
		C56F88992903FB2800A389CA /* Preset_MessageTests.swift */ = {isa = PBXFileReference; lastKnownFileType = sourcecode.swift; path = Preset_MessageTests.swift; sourceTree = "<group>"; };
		C56F889F2903FB2800A389CA /* Preset-MessageUITests.xctest */ = {isa = PBXFileReference; explicitFileType = wrapper.cfbundle; includeInIndex = 0; path = "Preset-MessageUITests.xctest"; sourceTree = BUILT_PRODUCTS_DIR; };
		C56F88A32903FB2800A389CA /* Preset_MessageUITests.swift */ = {isa = PBXFileReference; lastKnownFileType = sourcecode.swift; path = Preset_MessageUITests.swift; sourceTree = "<group>"; };
		C56F88A52903FB2800A389CA /* Preset_MessageUITestsLaunchTests.swift */ = {isa = PBXFileReference; lastKnownFileType = sourcecode.swift; path = Preset_MessageUITestsLaunchTests.swift; sourceTree = "<group>"; };
		C56F88B62903FB7D00A389CA /* Preset-Message-Extension.appex */ = {isa = PBXFileReference; explicitFileType = "wrapper.app-extension"; includeInIndex = 0; path = "Preset-Message-Extension.appex"; sourceTree = BUILT_PRODUCTS_DIR; };
		C56F88B82903FB7D00A389CA /* Messages.framework */ = {isa = PBXFileReference; lastKnownFileType = wrapper.framework; name = Messages.framework; path = System/Library/Frameworks/Messages.framework; sourceTree = SDKROOT; };
		C56F88BB2903FB7D00A389CA /* MessagesViewController.swift */ = {isa = PBXFileReference; lastKnownFileType = sourcecode.swift; path = MessagesViewController.swift; sourceTree = "<group>"; };
		C56F88BE2903FB7D00A389CA /* Base */ = {isa = PBXFileReference; lastKnownFileType = file.storyboard; name = Base; path = Base.lproj/MainInterface.storyboard; sourceTree = "<group>"; };
		C56F88C02903FB7E00A389CA /* Assets.xcassets */ = {isa = PBXFileReference; lastKnownFileType = folder.assetcatalog; path = Assets.xcassets; sourceTree = "<group>"; };
		C56F88C22903FB7E00A389CA /* Info.plist */ = {isa = PBXFileReference; lastKnownFileType = text.plist.xml; path = Info.plist; sourceTree = "<group>"; };
		C56F88CA2903FCB700A389CA /* PresetMessageStore.swift */ = {isa = PBXFileReference; fileEncoding = 4; lastKnownFileType = sourcecode.swift; path = PresetMessageStore.swift; sourceTree = "<group>"; };
		C56F88CB2903FCB700A389CA /* PresetMessageViewController.swift */ = {isa = PBXFileReference; fileEncoding = 4; lastKnownFileType = sourcecode.swift; path = PresetMessageViewController.swift; sourceTree = "<group>"; };
		C56F88CD2903FCB700A389CA /* PresetMessage+UIImage.swift */ = {isa = PBXFileReference; fileEncoding = 4; lastKnownFileType = sourcecode.swift; path = "PresetMessage+UIImage.swift"; sourceTree = "<group>"; };
		C56F88D4290405AE00A389CA /* InputTableViewCell.swift */ = {isa = PBXFileReference; lastKnownFileType = sourcecode.swift; path = InputTableViewCell.swift; sourceTree = "<group>"; };
		C56F88D92904103A00A389CA /* PresetMessageViewModel.swift */ = {isa = PBXFileReference; lastKnownFileType = sourcecode.swift; path = PresetMessageViewModel.swift; sourceTree = "<group>"; };
		C56F88DC2904120400A389CA /* PresetMessageManager.swift */ = {isa = PBXFileReference; lastKnownFileType = sourcecode.swift; path = PresetMessageManager.swift; sourceTree = "<group>"; };
		F06802EC0EC802D53F0F0569 /* Pods-Preset-Message.release.xcconfig */ = {isa = PBXFileReference; includeInIndex = 1; lastKnownFileType = text.xcconfig; name = "Pods-Preset-Message.release.xcconfig"; path = "Target Support Files/Pods-Preset-Message/Pods-Preset-Message.release.xcconfig"; sourceTree = "<group>"; };
		F0E49D38D21294E30C025D2B /* Pods-Preset-Message.debug.xcconfig */ = {isa = PBXFileReference; includeInIndex = 1; lastKnownFileType = text.xcconfig; name = "Pods-Preset-Message.debug.xcconfig"; path = "Target Support Files/Pods-Preset-Message/Pods-Preset-Message.debug.xcconfig"; sourceTree = "<group>"; };
		F1128AFD2E365D0B6894FB2F /* Pods_Preset_Message.framework */ = {isa = PBXFileReference; explicitFileType = wrapper.framework; includeInIndex = 0; path = Pods_Preset_Message.framework; sourceTree = BUILT_PRODUCTS_DIR; };
/* End PBXFileReference section */

/* Begin PBXFrameworksBuildPhase section */
		C56F88792903FB2800A389CA /* Frameworks */ = {
			isa = PBXFrameworksBuildPhase;
			buildActionMask = 2147483647;
			files = (
				DEEDCD1D985DE6963686CE2A /* Pods_Preset_Message.framework in Frameworks */,
			);
			runOnlyForDeploymentPostprocessing = 0;
		};
		C56F88922903FB2800A389CA /* Frameworks */ = {
			isa = PBXFrameworksBuildPhase;
			buildActionMask = 2147483647;
			files = (
			);
			runOnlyForDeploymentPostprocessing = 0;
		};
		C56F889C2903FB2800A389CA /* Frameworks */ = {
			isa = PBXFrameworksBuildPhase;
			buildActionMask = 2147483647;
			files = (
			);
			runOnlyForDeploymentPostprocessing = 0;
		};
		C56F88B32903FB7D00A389CA /* Frameworks */ = {
			isa = PBXFrameworksBuildPhase;
			buildActionMask = 2147483647;
			files = (
				C56F88B92903FB7D00A389CA /* Messages.framework in Frameworks */,
			);
			runOnlyForDeploymentPostprocessing = 0;
		};
/* End PBXFrameworksBuildPhase section */

/* Begin PBXGroup section */
		29175EFDDABE37259EE37005 /* Pods */ = {
			isa = PBXGroup;
			children = (
				F0E49D38D21294E30C025D2B /* Pods-Preset-Message.debug.xcconfig */,
				F06802EC0EC802D53F0F0569 /* Pods-Preset-Message.release.xcconfig */,
			);
			path = Pods;
			sourceTree = "<group>";
		};
		C56F88732903FB2800A389CA = {
			isa = PBXGroup;
			children = (
				C56F887E2903FB2800A389CA /* Preset-Message */,
				C56F88982903FB2800A389CA /* Preset-MessageTests */,
				C56F88A22903FB2800A389CA /* Preset-MessageUITests */,
				C56F88BA2903FB7D00A389CA /* Preset-Message-Extension */,
				C56F88B72903FB7D00A389CA /* Frameworks */,
				C56F887D2903FB2800A389CA /* Products */,
				29175EFDDABE37259EE37005 /* Pods */,
			);
			sourceTree = "<group>";
		};
		C56F887D2903FB2800A389CA /* Products */ = {
			isa = PBXGroup;
			children = (
				C56F887C2903FB2800A389CA /* Preset-Message.app */,
				C56F88952903FB2800A389CA /* Preset-MessageTests.xctest */,
				C56F889F2903FB2800A389CA /* Preset-MessageUITests.xctest */,
				C56F88B62903FB7D00A389CA /* Preset-Message-Extension.appex */,
			);
			name = Products;
			sourceTree = "<group>";
		};
		C56F887E2903FB2800A389CA /* Preset-Message */ = {
			isa = PBXGroup;
			children = (
				C56F887F2903FB2800A389CA /* AppDelegate.swift */,
				C56F88812903FB2800A389CA /* SceneDelegate.swift */,
				C56F88832903FB2800A389CA /* PresetTableViewController.swift */,
				C5351B4529061FA500F4475C /* PresetEditViewController.swift */,
				C56F88852903FB2800A389CA /* Main.storyboard */,
				C56F888B2903FB2800A389CA /* Assets.xcassets */,
				C56F888D2903FB2800A389CA /* LaunchScreen.storyboard */,
				C56F88902903FB2800A389CA /* Info.plist */,
				C56F88D4290405AE00A389CA /* InputTableViewCell.swift */,
				C56F88D92904103A00A389CA /* PresetMessageViewModel.swift */,
				C56F88DC2904120400A389CA /* PresetMessageManager.swift */,
				C54B44E42905F257003B587E /* PresetMessageSQLStore.swift */,
				C5351B402906089F00F4475C /* Presenter.swift */,
			);
			path = "Preset-Message";
			sourceTree = "<group>";
		};
		C56F88982903FB2800A389CA /* Preset-MessageTests */ = {
			isa = PBXGroup;
			children = (
				C56F88992903FB2800A389CA /* Preset_MessageTests.swift */,
			);
			path = "Preset-MessageTests";
			sourceTree = "<group>";
		};
		C56F88A22903FB2800A389CA /* Preset-MessageUITests */ = {
			isa = PBXGroup;
			children = (
				C56F88A32903FB2800A389CA /* Preset_MessageUITests.swift */,
				C56F88A52903FB2800A389CA /* Preset_MessageUITestsLaunchTests.swift */,
			);
			path = "Preset-MessageUITests";
			sourceTree = "<group>";
		};
		C56F88B72903FB7D00A389CA /* Frameworks */ = {
			isa = PBXGroup;
			children = (
				C56F88B82903FB7D00A389CA /* Messages.framework */,
				F1128AFD2E365D0B6894FB2F /* Pods_Preset_Message.framework */,
			);
			name = Frameworks;
			sourceTree = "<group>";
		};
		C56F88BA2903FB7D00A389CA /* Preset-Message-Extension */ = {
			isa = PBXGroup;
			children = (
				C56F88BB2903FB7D00A389CA /* MessagesViewController.swift */,
				C56F88CD2903FCB700A389CA /* PresetMessage+UIImage.swift */,
				C56F88CA2903FCB700A389CA /* PresetMessageStore.swift */,
				C56F88CB2903FCB700A389CA /* PresetMessageViewController.swift */,
				C56F88BD2903FB7D00A389CA /* MainInterface.storyboard */,
				C56F88C02903FB7E00A389CA /* Assets.xcassets */,
				C56F88C22903FB7E00A389CA /* Info.plist */,
			);
			path = "Preset-Message-Extension";
			sourceTree = "<group>";
		};
/* End PBXGroup section */

/* Begin PBXNativeTarget section */
		C56F887B2903FB2800A389CA /* Preset-Message */ = {
			isa = PBXNativeTarget;
			buildConfigurationList = C56F88A92903FB2800A389CA /* Build configuration list for PBXNativeTarget "Preset-Message" */;
			buildPhases = (
				2F580F8E3ABA8A43B98C2DFF /* [CP] Check Pods Manifest.lock */,
				C56F88782903FB2800A389CA /* Sources */,
				C56F88792903FB2800A389CA /* Frameworks */,
				C56F887A2903FB2800A389CA /* Resources */,
				C56F88C92903FB7E00A389CA /* Embed App Extensions */,
				5708028CB211F6C608033556 /* [CP] Embed Pods Frameworks */,
			);
			buildRules = (
			);
			dependencies = (
				C56F88C42903FB7E00A389CA /* PBXTargetDependency */,
			);
			name = "Preset-Message";
			productName = "Preset-Message";
			productReference = C56F887C2903FB2800A389CA /* Preset-Message.app */;
			productType = "com.apple.product-type.application";
		};
		C56F88942903FB2800A389CA /* Preset-MessageTests */ = {
			isa = PBXNativeTarget;
			buildConfigurationList = C56F88AC2903FB2800A389CA /* Build configuration list for PBXNativeTarget "Preset-MessageTests" */;
			buildPhases = (
				C56F88912903FB2800A389CA /* Sources */,
				C56F88922903FB2800A389CA /* Frameworks */,
				C56F88932903FB2800A389CA /* Resources */,
			);
			buildRules = (
			);
			dependencies = (
				C56F88972903FB2800A389CA /* PBXTargetDependency */,
			);
			name = "Preset-MessageTests";
			productName = "Preset-MessageTests";
			productReference = C56F88952903FB2800A389CA /* Preset-MessageTests.xctest */;
			productType = "com.apple.product-type.bundle.unit-test";
		};
		C56F889E2903FB2800A389CA /* Preset-MessageUITests */ = {
			isa = PBXNativeTarget;
			buildConfigurationList = C56F88AF2903FB2800A389CA /* Build configuration list for PBXNativeTarget "Preset-MessageUITests" */;
			buildPhases = (
				C56F889B2903FB2800A389CA /* Sources */,
				C56F889C2903FB2800A389CA /* Frameworks */,
				C56F889D2903FB2800A389CA /* Resources */,
			);
			buildRules = (
			);
			dependencies = (
				C56F88A12903FB2800A389CA /* PBXTargetDependency */,
			);
			name = "Preset-MessageUITests";
			productName = "Preset-MessageUITests";
			productReference = C56F889F2903FB2800A389CA /* Preset-MessageUITests.xctest */;
			productType = "com.apple.product-type.bundle.ui-testing";
		};
		C56F88B52903FB7D00A389CA /* Preset-Message-Extension */ = {
			isa = PBXNativeTarget;
			buildConfigurationList = C56F88C62903FB7E00A389CA /* Build configuration list for PBXNativeTarget "Preset-Message-Extension" */;
			buildPhases = (
				C56F88B22903FB7D00A389CA /* Sources */,
				C56F88B32903FB7D00A389CA /* Frameworks */,
				C56F88B42903FB7D00A389CA /* Resources */,
			);
			buildRules = (
			);
			dependencies = (
			);
			name = "Preset-Message-Extension";
			productName = "Preset-Message-Extension";
			productReference = C56F88B62903FB7D00A389CA /* Preset-Message-Extension.appex */;
			productType = "com.apple.product-type.app-extension.messages";
		};
/* End PBXNativeTarget section */

/* Begin PBXProject section */
		C56F88742903FB2800A389CA /* Project object */ = {
			isa = PBXProject;
			attributes = {
				BuildIndependentTargetsInParallel = 1;
				LastSwiftUpdateCheck = 1340;
				LastUpgradeCheck = 1340;
				TargetAttributes = {
					C56F887B2903FB2800A389CA = {
						CreatedOnToolsVersion = 13.4.1;
					};
					C56F88942903FB2800A389CA = {
						CreatedOnToolsVersion = 13.4.1;
						TestTargetID = C56F887B2903FB2800A389CA;
					};
					C56F889E2903FB2800A389CA = {
						CreatedOnToolsVersion = 13.4.1;
						TestTargetID = C56F887B2903FB2800A389CA;
					};
					C56F88B52903FB7D00A389CA = {
						CreatedOnToolsVersion = 13.4.1;
					};
				};
			};
			buildConfigurationList = C56F88772903FB2800A389CA /* Build configuration list for PBXProject "Preset-Message" */;
			compatibilityVersion = "Xcode 13.0";
			developmentRegion = en;
			hasScannedForEncodings = 0;
			knownRegions = (
				en,
				Base,
			);
			mainGroup = C56F88732903FB2800A389CA;
			productRefGroup = C56F887D2903FB2800A389CA /* Products */;
			projectDirPath = "";
			projectRoot = "";
			targets = (
				C56F887B2903FB2800A389CA /* Preset-Message */,
				C56F88942903FB2800A389CA /* Preset-MessageTests */,
				C56F889E2903FB2800A389CA /* Preset-MessageUITests */,
				C56F88B52903FB7D00A389CA /* Preset-Message-Extension */,
			);
		};
/* End PBXProject section */

/* Begin PBXResourcesBuildPhase section */
		C56F887A2903FB2800A389CA /* Resources */ = {
			isa = PBXResourcesBuildPhase;
			buildActionMask = 2147483647;
			files = (
				C56F888F2903FB2800A389CA /* LaunchScreen.storyboard in Resources */,
				C56F888C2903FB2800A389CA /* Assets.xcassets in Resources */,
				C56F88872903FB2800A389CA /* Main.storyboard in Resources */,
			);
			runOnlyForDeploymentPostprocessing = 0;
		};
		C56F88932903FB2800A389CA /* Resources */ = {
			isa = PBXResourcesBuildPhase;
			buildActionMask = 2147483647;
			files = (
			);
			runOnlyForDeploymentPostprocessing = 0;
		};
		C56F889D2903FB2800A389CA /* Resources */ = {
			isa = PBXResourcesBuildPhase;
			buildActionMask = 2147483647;
			files = (
			);
			runOnlyForDeploymentPostprocessing = 0;
		};
		C56F88B42903FB7D00A389CA /* Resources */ = {
			isa = PBXResourcesBuildPhase;
			buildActionMask = 2147483647;
			files = (
				C56F88C12903FB7E00A389CA /* Assets.xcassets in Resources */,
				C56F88BF2903FB7D00A389CA /* MainInterface.storyboard in Resources */,
			);
			runOnlyForDeploymentPostprocessing = 0;
		};
/* End PBXResourcesBuildPhase section */

/* Begin PBXShellScriptBuildPhase section */
		2F580F8E3ABA8A43B98C2DFF /* [CP] Check Pods Manifest.lock */ = {
			isa = PBXShellScriptBuildPhase;
			buildActionMask = 2147483647;
			files = (
			);
			inputFileListPaths = (
			);
			inputPaths = (
				"${PODS_PODFILE_DIR_PATH}/Podfile.lock",
				"${PODS_ROOT}/Manifest.lock",
			);
			name = "[CP] Check Pods Manifest.lock";
			outputFileListPaths = (
			);
			outputPaths = (
				"$(DERIVED_FILE_DIR)/Pods-Preset-Message-checkManifestLockResult.txt",
			);
			runOnlyForDeploymentPostprocessing = 0;
			shellPath = /bin/sh;
			shellScript = "diff \"${PODS_PODFILE_DIR_PATH}/Podfile.lock\" \"${PODS_ROOT}/Manifest.lock\" > /dev/null\nif [ $? != 0 ] ; then\n    # print error to STDERR\n    echo \"error: The sandbox is not in sync with the Podfile.lock. Run 'pod install' or update your CocoaPods installation.\" >&2\n    exit 1\nfi\n# This output is used by Xcode 'outputs' to avoid re-running this script phase.\necho \"SUCCESS\" > \"${SCRIPT_OUTPUT_FILE_0}\"\n";
			showEnvVarsInLog = 0;
		};
		5708028CB211F6C608033556 /* [CP] Embed Pods Frameworks */ = {
			isa = PBXShellScriptBuildPhase;
			buildActionMask = 2147483647;
			files = (
			);
			inputFileListPaths = (
				"${PODS_ROOT}/Target Support Files/Pods-Preset-Message/Pods-Preset-Message-frameworks-${CONFIGURATION}-input-files.xcfilelist",
			);
			name = "[CP] Embed Pods Frameworks";
			outputFileListPaths = (
				"${PODS_ROOT}/Target Support Files/Pods-Preset-Message/Pods-Preset-Message-frameworks-${CONFIGURATION}-output-files.xcfilelist",
			);
			runOnlyForDeploymentPostprocessing = 0;
			shellPath = /bin/sh;
			shellScript = "\"${PODS_ROOT}/Target Support Files/Pods-Preset-Message/Pods-Preset-Message-frameworks.sh\"\n";
			showEnvVarsInLog = 0;
		};
/* End PBXShellScriptBuildPhase section */

/* Begin PBXSourcesBuildPhase section */
		C56F88782903FB2800A389CA /* Sources */ = {
			isa = PBXSourcesBuildPhase;
			buildActionMask = 2147483647;
			files = (
				C56F88842903FB2800A389CA /* PresetTableViewController.swift in Sources */,
				C5351B412906089F00F4475C /* Presenter.swift in Sources */,
				C56F88D5290405AE00A389CA /* InputTableViewCell.swift in Sources */,
				C56F88802903FB2800A389CA /* AppDelegate.swift in Sources */,
				C56F88DA2904103A00A389CA /* PresetMessageViewModel.swift in Sources */,
				C56F88DD2904120400A389CA /* PresetMessageManager.swift in Sources */,
				C56F88D32903FD8100A389CA /* PresetMessage+UIImage.swift in Sources */,
				C5351B4629061FA500F4475C /* PresetEditViewController.swift in Sources */,
				C54B44E52905F257003B587E /* PresetMessageSQLStore.swift in Sources */,
				C56F88822903FB2800A389CA /* SceneDelegate.swift in Sources */,
			);
			runOnlyForDeploymentPostprocessing = 0;
		};
		C56F88912903FB2800A389CA /* Sources */ = {
			isa = PBXSourcesBuildPhase;
			buildActionMask = 2147483647;
			files = (
				C56F88DE2904120400A389CA /* PresetMessageManager.swift in Sources */,
				C56F889A2903FB2800A389CA /* Preset_MessageTests.swift in Sources */,
			);
			runOnlyForDeploymentPostprocessing = 0;
		};
		C56F889B2903FB2800A389CA /* Sources */ = {
			isa = PBXSourcesBuildPhase;
			buildActionMask = 2147483647;
			files = (
				C56F88A42903FB2800A389CA /* Preset_MessageUITests.swift in Sources */,
				C56F88A62903FB2800A389CA /* Preset_MessageUITestsLaunchTests.swift in Sources */,
			);
			runOnlyForDeploymentPostprocessing = 0;
		};
		C56F88B22903FB7D00A389CA /* Sources */ = {
			isa = PBXSourcesBuildPhase;
			buildActionMask = 2147483647;
			files = (
				C56F88CE2903FCB700A389CA /* PresetMessageStore.swift in Sources */,
				C56F88CF2903FCB700A389CA /* PresetMessageViewController.swift in Sources */,
				C56F88D12903FCB700A389CA /* PresetMessage+UIImage.swift in Sources */,
				C56F88DB2904116300A389CA /* PresetMessageViewModel.swift in Sources */,
				C56F88DF2904120400A389CA /* PresetMessageManager.swift in Sources */,
				C56F88BC2903FB7D00A389CA /* MessagesViewController.swift in Sources */,
			);
			runOnlyForDeploymentPostprocessing = 0;
		};
/* End PBXSourcesBuildPhase section */

/* Begin PBXTargetDependency section */
		C56F88972903FB2800A389CA /* PBXTargetDependency */ = {
			isa = PBXTargetDependency;
			target = C56F887B2903FB2800A389CA /* Preset-Message */;
			targetProxy = C56F88962903FB2800A389CA /* PBXContainerItemProxy */;
		};
		C56F88A12903FB2800A389CA /* PBXTargetDependency */ = {
			isa = PBXTargetDependency;
			target = C56F887B2903FB2800A389CA /* Preset-Message */;
			targetProxy = C56F88A02903FB2800A389CA /* PBXContainerItemProxy */;
		};
		C56F88C42903FB7E00A389CA /* PBXTargetDependency */ = {
			isa = PBXTargetDependency;
			target = C56F88B52903FB7D00A389CA /* Preset-Message-Extension */;
			targetProxy = C56F88C32903FB7E00A389CA /* PBXContainerItemProxy */;
		};
/* End PBXTargetDependency section */

/* Begin PBXVariantGroup section */
		C56F88852903FB2800A389CA /* Main.storyboard */ = {
			isa = PBXVariantGroup;
			children = (
				C56F88862903FB2800A389CA /* Base */,
			);
			name = Main.storyboard;
			sourceTree = "<group>";
		};
		C56F888D2903FB2800A389CA /* LaunchScreen.storyboard */ = {
			isa = PBXVariantGroup;
			children = (
				C56F888E2903FB2800A389CA /* Base */,
			);
			name = LaunchScreen.storyboard;
			sourceTree = "<group>";
		};
		C56F88BD2903FB7D00A389CA /* MainInterface.storyboard */ = {
			isa = PBXVariantGroup;
			children = (
				C56F88BE2903FB7D00A389CA /* Base */,
			);
			name = MainInterface.storyboard;
			sourceTree = "<group>";
		};
/* End PBXVariantGroup section */

/* Begin XCBuildConfiguration section */
		C56F88A72903FB2800A389CA /* Debug */ = {
			isa = XCBuildConfiguration;
			buildSettings = {
				ALWAYS_SEARCH_USER_PATHS = NO;
				CLANG_ANALYZER_NONNULL = YES;
				CLANG_ANALYZER_NUMBER_OBJECT_CONVERSION = YES_AGGRESSIVE;
				CLANG_CXX_LANGUAGE_STANDARD = "gnu++17";
				CLANG_ENABLE_MODULES = YES;
				CLANG_ENABLE_OBJC_ARC = YES;
				CLANG_ENABLE_OBJC_WEAK = YES;
				CLANG_WARN_BLOCK_CAPTURE_AUTORELEASING = YES;
				CLANG_WARN_BOOL_CONVERSION = YES;
				CLANG_WARN_COMMA = YES;
				CLANG_WARN_CONSTANT_CONVERSION = YES;
				CLANG_WARN_DEPRECATED_OBJC_IMPLEMENTATIONS = YES;
				CLANG_WARN_DIRECT_OBJC_ISA_USAGE = YES_ERROR;
				CLANG_WARN_DOCUMENTATION_COMMENTS = YES;
				CLANG_WARN_EMPTY_BODY = YES;
				CLANG_WARN_ENUM_CONVERSION = YES;
				CLANG_WARN_INFINITE_RECURSION = YES;
				CLANG_WARN_INT_CONVERSION = YES;
				CLANG_WARN_NON_LITERAL_NULL_CONVERSION = YES;
				CLANG_WARN_OBJC_IMPLICIT_RETAIN_SELF = YES;
				CLANG_WARN_OBJC_LITERAL_CONVERSION = YES;
				CLANG_WARN_OBJC_ROOT_CLASS = YES_ERROR;
				CLANG_WARN_QUOTED_INCLUDE_IN_FRAMEWORK_HEADER = YES;
				CLANG_WARN_RANGE_LOOP_ANALYSIS = YES;
				CLANG_WARN_STRICT_PROTOTYPES = YES;
				CLANG_WARN_SUSPICIOUS_MOVE = YES;
				CLANG_WARN_UNGUARDED_AVAILABILITY = YES_AGGRESSIVE;
				CLANG_WARN_UNREACHABLE_CODE = YES;
				CLANG_WARN__DUPLICATE_METHOD_MATCH = YES;
				COPY_PHASE_STRIP = NO;
				DEBUG_INFORMATION_FORMAT = dwarf;
				ENABLE_STRICT_OBJC_MSGSEND = YES;
				ENABLE_TESTABILITY = YES;
				GCC_C_LANGUAGE_STANDARD = gnu11;
				GCC_DYNAMIC_NO_PIC = NO;
				GCC_NO_COMMON_BLOCKS = YES;
				GCC_OPTIMIZATION_LEVEL = 0;
				GCC_PREPROCESSOR_DEFINITIONS = (
					"DEBUG=1",
					"$(inherited)",
				);
				GCC_WARN_64_TO_32_BIT_CONVERSION = YES;
				GCC_WARN_ABOUT_RETURN_TYPE = YES_ERROR;
				GCC_WARN_UNDECLARED_SELECTOR = YES;
				GCC_WARN_UNINITIALIZED_AUTOS = YES_AGGRESSIVE;
				GCC_WARN_UNUSED_FUNCTION = YES;
				GCC_WARN_UNUSED_VARIABLE = YES;
				IPHONEOS_DEPLOYMENT_TARGET = 15.5;
				MTL_ENABLE_DEBUG_INFO = INCLUDE_SOURCE;
				MTL_FAST_MATH = YES;
				ONLY_ACTIVE_ARCH = YES;
				SDKROOT = iphoneos;
				SWIFT_ACTIVE_COMPILATION_CONDITIONS = DEBUG;
				SWIFT_OPTIMIZATION_LEVEL = "-Onone";
			};
			name = Debug;
		};
		C56F88A82903FB2800A389CA /* Release */ = {
			isa = XCBuildConfiguration;
			buildSettings = {
				ALWAYS_SEARCH_USER_PATHS = NO;
				CLANG_ANALYZER_NONNULL = YES;
				CLANG_ANALYZER_NUMBER_OBJECT_CONVERSION = YES_AGGRESSIVE;
				CLANG_CXX_LANGUAGE_STANDARD = "gnu++17";
				CLANG_ENABLE_MODULES = YES;
				CLANG_ENABLE_OBJC_ARC = YES;
				CLANG_ENABLE_OBJC_WEAK = YES;
				CLANG_WARN_BLOCK_CAPTURE_AUTORELEASING = YES;
				CLANG_WARN_BOOL_CONVERSION = YES;
				CLANG_WARN_COMMA = YES;
				CLANG_WARN_CONSTANT_CONVERSION = YES;
				CLANG_WARN_DEPRECATED_OBJC_IMPLEMENTATIONS = YES;
				CLANG_WARN_DIRECT_OBJC_ISA_USAGE = YES_ERROR;
				CLANG_WARN_DOCUMENTATION_COMMENTS = YES;
				CLANG_WARN_EMPTY_BODY = YES;
				CLANG_WARN_ENUM_CONVERSION = YES;
				CLANG_WARN_INFINITE_RECURSION = YES;
				CLANG_WARN_INT_CONVERSION = YES;
				CLANG_WARN_NON_LITERAL_NULL_CONVERSION = YES;
				CLANG_WARN_OBJC_IMPLICIT_RETAIN_SELF = YES;
				CLANG_WARN_OBJC_LITERAL_CONVERSION = YES;
				CLANG_WARN_OBJC_ROOT_CLASS = YES_ERROR;
				CLANG_WARN_QUOTED_INCLUDE_IN_FRAMEWORK_HEADER = YES;
				CLANG_WARN_RANGE_LOOP_ANALYSIS = YES;
				CLANG_WARN_STRICT_PROTOTYPES = YES;
				CLANG_WARN_SUSPICIOUS_MOVE = YES;
				CLANG_WARN_UNGUARDED_AVAILABILITY = YES_AGGRESSIVE;
				CLANG_WARN_UNREACHABLE_CODE = YES;
				CLANG_WARN__DUPLICATE_METHOD_MATCH = YES;
				COPY_PHASE_STRIP = NO;
				DEBUG_INFORMATION_FORMAT = "dwarf-with-dsym";
				ENABLE_NS_ASSERTIONS = NO;
				ENABLE_STRICT_OBJC_MSGSEND = YES;
				GCC_C_LANGUAGE_STANDARD = gnu11;
				GCC_NO_COMMON_BLOCKS = YES;
				GCC_WARN_64_TO_32_BIT_CONVERSION = YES;
				GCC_WARN_ABOUT_RETURN_TYPE = YES_ERROR;
				GCC_WARN_UNDECLARED_SELECTOR = YES;
				GCC_WARN_UNINITIALIZED_AUTOS = YES_AGGRESSIVE;
				GCC_WARN_UNUSED_FUNCTION = YES;
				GCC_WARN_UNUSED_VARIABLE = YES;
				IPHONEOS_DEPLOYMENT_TARGET = 15.5;
				MTL_ENABLE_DEBUG_INFO = NO;
				MTL_FAST_MATH = YES;
				SDKROOT = iphoneos;
				SWIFT_COMPILATION_MODE = wholemodule;
				SWIFT_OPTIMIZATION_LEVEL = "-O";
				VALIDATE_PRODUCT = YES;
			};
			name = Release;
		};
		C56F88AA2903FB2800A389CA /* Debug */ = {
			isa = XCBuildConfiguration;
			baseConfigurationReference = F0E49D38D21294E30C025D2B /* Pods-Preset-Message.debug.xcconfig */;
			buildSettings = {
				ALWAYS_EMBED_SWIFT_STANDARD_LIBRARIES = YES;
				ASSETCATALOG_COMPILER_APPICON_NAME = AppIcon;
				ASSETCATALOG_COMPILER_GLOBAL_ACCENT_COLOR_NAME = AccentColor;
				CODE_SIGN_STYLE = Automatic;
				CURRENT_PROJECT_VERSION = 1;
				GENERATE_INFOPLIST_FILE = YES;
				INFOPLIST_FILE = "Preset-Message/Info.plist";
				INFOPLIST_KEY_UIApplicationSupportsIndirectInputEvents = YES;
				INFOPLIST_KEY_UILaunchStoryboardName = LaunchScreen;
				INFOPLIST_KEY_UISupportedInterfaceOrientations_iPad = "UIInterfaceOrientationPortrait UIInterfaceOrientationPortraitUpsideDown UIInterfaceOrientationLandscapeLeft UIInterfaceOrientationLandscapeRight";
				INFOPLIST_KEY_UISupportedInterfaceOrientations_iPhone = "UIInterfaceOrientationPortrait UIInterfaceOrientationLandscapeLeft UIInterfaceOrientationLandscapeRight";
				LD_RUNPATH_SEARCH_PATHS = (
					"$(inherited)",
					"@executable_path/Frameworks",
				);
				MARKETING_VERSION = 1.0;
				PRODUCT_BUNDLE_IDENTIFIER = "blinq.challenge.Preset-Message";
				PRODUCT_NAME = "$(TARGET_NAME)";
				SWIFT_EMIT_LOC_STRINGS = YES;
				SWIFT_VERSION = 5.0;
				TARGETED_DEVICE_FAMILY = "1,2";
			};
			name = Debug;
		};
		C56F88AB2903FB2800A389CA /* Release */ = {
			isa = XCBuildConfiguration;
			baseConfigurationReference = F06802EC0EC802D53F0F0569 /* Pods-Preset-Message.release.xcconfig */;
			buildSettings = {
				ALWAYS_EMBED_SWIFT_STANDARD_LIBRARIES = YES;
				ASSETCATALOG_COMPILER_APPICON_NAME = AppIcon;
				ASSETCATALOG_COMPILER_GLOBAL_ACCENT_COLOR_NAME = AccentColor;
				CODE_SIGN_STYLE = Automatic;
				CURRENT_PROJECT_VERSION = 1;
				GENERATE_INFOPLIST_FILE = YES;
				INFOPLIST_FILE = "Preset-Message/Info.plist";
				INFOPLIST_KEY_UIApplicationSupportsIndirectInputEvents = YES;
				INFOPLIST_KEY_UILaunchStoryboardName = LaunchScreen;
				INFOPLIST_KEY_UISupportedInterfaceOrientations_iPad = "UIInterfaceOrientationPortrait UIInterfaceOrientationPortraitUpsideDown UIInterfaceOrientationLandscapeLeft UIInterfaceOrientationLandscapeRight";
				INFOPLIST_KEY_UISupportedInterfaceOrientations_iPhone = "UIInterfaceOrientationPortrait UIInterfaceOrientationLandscapeLeft UIInterfaceOrientationLandscapeRight";
				LD_RUNPATH_SEARCH_PATHS = (
					"$(inherited)",
					"@executable_path/Frameworks",
				);
				MARKETING_VERSION = 1.0;
				PRODUCT_BUNDLE_IDENTIFIER = "blinq.challenge.Preset-Message";
				PRODUCT_NAME = "$(TARGET_NAME)";
				SWIFT_EMIT_LOC_STRINGS = YES;
				SWIFT_VERSION = 5.0;
				TARGETED_DEVICE_FAMILY = "1,2";
			};
			name = Release;
		};
		C56F88AD2903FB2800A389CA /* Debug */ = {
			isa = XCBuildConfiguration;
			buildSettings = {
				ALWAYS_EMBED_SWIFT_STANDARD_LIBRARIES = YES;
				BUNDLE_LOADER = "$(TEST_HOST)";
				CODE_SIGN_STYLE = Automatic;
				CURRENT_PROJECT_VERSION = 1;
				GENERATE_INFOPLIST_FILE = YES;
				IPHONEOS_DEPLOYMENT_TARGET = 15.5;
				MARKETING_VERSION = 1.0;
				PRODUCT_BUNDLE_IDENTIFIER = "blinq.challenge.Preset-MessageTests";
				PRODUCT_NAME = "$(TARGET_NAME)";
				SWIFT_EMIT_LOC_STRINGS = NO;
				SWIFT_VERSION = 5.0;
				TARGETED_DEVICE_FAMILY = "1,2";
				TEST_HOST = "$(BUILT_PRODUCTS_DIR)/Preset-Message.app/Preset-Message";
			};
			name = Debug;
		};
		C56F88AE2903FB2800A389CA /* Release */ = {
			isa = XCBuildConfiguration;
			buildSettings = {
				ALWAYS_EMBED_SWIFT_STANDARD_LIBRARIES = YES;
				BUNDLE_LOADER = "$(TEST_HOST)";
				CODE_SIGN_STYLE = Automatic;
				CURRENT_PROJECT_VERSION = 1;
				GENERATE_INFOPLIST_FILE = YES;
				IPHONEOS_DEPLOYMENT_TARGET = 15.5;
				MARKETING_VERSION = 1.0;
				PRODUCT_BUNDLE_IDENTIFIER = "blinq.challenge.Preset-MessageTests";
				PRODUCT_NAME = "$(TARGET_NAME)";
				SWIFT_EMIT_LOC_STRINGS = NO;
				SWIFT_VERSION = 5.0;
				TARGETED_DEVICE_FAMILY = "1,2";
				TEST_HOST = "$(BUILT_PRODUCTS_DIR)/Preset-Message.app/Preset-Message";
			};
			name = Release;
		};
		C56F88B02903FB2800A389CA /* Debug */ = {
			isa = XCBuildConfiguration;
			buildSettings = {
				ALWAYS_EMBED_SWIFT_STANDARD_LIBRARIES = YES;
				CODE_SIGN_STYLE = Automatic;
				CURRENT_PROJECT_VERSION = 1;
				GENERATE_INFOPLIST_FILE = YES;
				MARKETING_VERSION = 1.0;
				PRODUCT_BUNDLE_IDENTIFIER = "blinq.challenge.Preset-MessageUITests";
				PRODUCT_NAME = "$(TARGET_NAME)";
				SWIFT_EMIT_LOC_STRINGS = NO;
				SWIFT_VERSION = 5.0;
				TARGETED_DEVICE_FAMILY = "1,2";
				TEST_TARGET_NAME = "Preset-Message";
			};
			name = Debug;
		};
		C56F88B12903FB2800A389CA /* Release */ = {
			isa = XCBuildConfiguration;
			buildSettings = {
				ALWAYS_EMBED_SWIFT_STANDARD_LIBRARIES = YES;
				CODE_SIGN_STYLE = Automatic;
				CURRENT_PROJECT_VERSION = 1;
				GENERATE_INFOPLIST_FILE = YES;
				MARKETING_VERSION = 1.0;
				PRODUCT_BUNDLE_IDENTIFIER = "blinq.challenge.Preset-MessageUITests";
				PRODUCT_NAME = "$(TARGET_NAME)";
				SWIFT_EMIT_LOC_STRINGS = NO;
				SWIFT_VERSION = 5.0;
				TARGETED_DEVICE_FAMILY = "1,2";
				TEST_TARGET_NAME = "Preset-Message";
			};
			name = Release;
		};
		C56F88C72903FB7E00A389CA /* Debug */ = {
			isa = XCBuildConfiguration;
			buildSettings = {
				ASSETCATALOG_COMPILER_APPICON_NAME = "iMessage App Icon";
				CODE_SIGN_STYLE = Automatic;
				CURRENT_PROJECT_VERSION = 1;
				GENERATE_INFOPLIST_FILE = YES;
				INFOPLIST_FILE = "Preset-Message-Extension/Info.plist";
				INFOPLIST_KEY_CFBundleDisplayName = "Preset-Message-Extension";
				INFOPLIST_KEY_NSHumanReadableCopyright = "";
				LD_RUNPATH_SEARCH_PATHS = (
					"$(inherited)",
					"@executable_path/Frameworks",
					"@executable_path/../../Frameworks",
				);
				MARKETING_VERSION = 1.0;
				PRODUCT_BUNDLE_IDENTIFIER = "blinq.challenge.Preset-Message.Preset-Message-Extension";
				PRODUCT_NAME = "$(TARGET_NAME)";
				SKIP_INSTALL = YES;
				SWIFT_EMIT_LOC_STRINGS = YES;
				SWIFT_VERSION = 5.0;
				TARGETED_DEVICE_FAMILY = "1,2";
			};
			name = Debug;
		};
		C56F88C82903FB7E00A389CA /* Release */ = {
			isa = XCBuildConfiguration;
			buildSettings = {
				ASSETCATALOG_COMPILER_APPICON_NAME = "iMessage App Icon";
				CODE_SIGN_STYLE = Automatic;
				CURRENT_PROJECT_VERSION = 1;
				GENERATE_INFOPLIST_FILE = YES;
				INFOPLIST_FILE = "Preset-Message-Extension/Info.plist";
				INFOPLIST_KEY_CFBundleDisplayName = "Preset-Message-Extension";
				INFOPLIST_KEY_NSHumanReadableCopyright = "";
				LD_RUNPATH_SEARCH_PATHS = (
					"$(inherited)",
					"@executable_path/Frameworks",
					"@executable_path/../../Frameworks",
				);
				MARKETING_VERSION = 1.0;
				PRODUCT_BUNDLE_IDENTIFIER = "blinq.challenge.Preset-Message.Preset-Message-Extension";
				PRODUCT_NAME = "$(TARGET_NAME)";
				SKIP_INSTALL = YES;
				SWIFT_EMIT_LOC_STRINGS = YES;
				SWIFT_VERSION = 5.0;
				TARGETED_DEVICE_FAMILY = "1,2";
			};
			name = Release;
		};
/* End XCBuildConfiguration section */

/* Begin XCConfigurationList section */
		C56F88772903FB2800A389CA /* Build configuration list for PBXProject "Preset-Message" */ = {
			isa = XCConfigurationList;
			buildConfigurations = (
				C56F88A72903FB2800A389CA /* Debug */,
				C56F88A82903FB2800A389CA /* Release */,
			);
			defaultConfigurationIsVisible = 0;
			defaultConfigurationName = Release;
		};
		C56F88A92903FB2800A389CA /* Build configuration list for PBXNativeTarget "Preset-Message" */ = {
			isa = XCConfigurationList;
			buildConfigurations = (
				C56F88AA2903FB2800A389CA /* Debug */,
				C56F88AB2903FB2800A389CA /* Release */,
			);
			defaultConfigurationIsVisible = 0;
			defaultConfigurationName = Release;
		};
		C56F88AC2903FB2800A389CA /* Build configuration list for PBXNativeTarget "Preset-MessageTests" */ = {
			isa = XCConfigurationList;
			buildConfigurations = (
				C56F88AD2903FB2800A389CA /* Debug */,
				C56F88AE2903FB2800A389CA /* Release */,
			);
			defaultConfigurationIsVisible = 0;
			defaultConfigurationName = Release;
		};
		C56F88AF2903FB2800A389CA /* Build configuration list for PBXNativeTarget "Preset-MessageUITests" */ = {
			isa = XCConfigurationList;
			buildConfigurations = (
				C56F88B02903FB2800A389CA /* Debug */,
				C56F88B12903FB2800A389CA /* Release */,
			);
			defaultConfigurationIsVisible = 0;
			defaultConfigurationName = Release;
		};
		C56F88C62903FB7E00A389CA /* Build configuration list for PBXNativeTarget "Preset-Message-Extension" */ = {
			isa = XCConfigurationList;
			buildConfigurations = (
				C56F88C72903FB7E00A389CA /* Debug */,
				C56F88C82903FB7E00A389CA /* Release */,
			);
			defaultConfigurationIsVisible = 0;
			defaultConfigurationName = Release;
		};
/* End XCConfigurationList section */
	};
	rootObject = C56F88742903FB2800A389CA /* Project object */;
}
